// !$*UTF8*$!
{
	archiveVersion = 1;
	classes = {
	};
	objectVersion = 51;
	objects = {

/* Begin PBXBuildFile section */
		484B6A6024CEAE7C009B0301 /* AppDelegate.swift in Sources */ = {isa = PBXBuildFile; fileRef = 484B6A5F24CEAE7C009B0301 /* AppDelegate.swift */; };
		484B6A6224CEAE7C009B0301 /* SceneDelegate.swift in Sources */ = {isa = PBXBuildFile; fileRef = 484B6A6124CEAE7C009B0301 /* SceneDelegate.swift */; };
		484B6A6424CEAE7C009B0301 /* ConversationsViewController.swift in Sources */ = {isa = PBXBuildFile; fileRef = 484B6A6324CEAE7C009B0301 /* ConversationsViewController.swift */; };
		484B6A6724CEAE7C009B0301 /* Main.storyboard in Resources */ = {isa = PBXBuildFile; fileRef = 484B6A6524CEAE7C009B0301 /* Main.storyboard */; };
		484B6A6C24CEAE7E009B0301 /* LaunchScreen.storyboard in Resources */ = {isa = PBXBuildFile; fileRef = 484B6A6A24CEAE7E009B0301 /* LaunchScreen.storyboard */; };
		484B6A7924CF046C009B0301 /* LoginViewController.swift in Sources */ = {isa = PBXBuildFile; fileRef = 484B6A7824CF046C009B0301 /* LoginViewController.swift */; };
		484B6A7B24CF048B009B0301 /* RegisterViewController.swift in Sources */ = {isa = PBXBuildFile; fileRef = 484B6A7A24CF048B009B0301 /* RegisterViewController.swift */; };
		484B6A7D24CF04B0009B0301 /* PhotoViewerViewController.swift in Sources */ = {isa = PBXBuildFile; fileRef = 484B6A7C24CF04B0009B0301 /* PhotoViewerViewController.swift */; };
		484B6A7F24CF04C6009B0301 /* VideoPlayerViewController.swift in Sources */ = {isa = PBXBuildFile; fileRef = 484B6A7E24CF04C5009B0301 /* VideoPlayerViewController.swift */; };
		484B6A8124CF0532009B0301 /* NewConversationViewController.swift in Sources */ = {isa = PBXBuildFile; fileRef = 484B6A8024CF0532009B0301 /* NewConversationViewController.swift */; };
		484B6A8324CF0553009B0301 /* ProfileViewController.swift in Sources */ = {isa = PBXBuildFile; fileRef = 484B6A8224CF0553009B0301 /* ProfileViewController.swift */; };
		4862780124D1B04F00656ED9 /* GoogleService-Info.plist in Resources */ = {isa = PBXBuildFile; fileRef = 4862780024D1B04F00656ED9 /* GoogleService-Info.plist */; };
		486A0F8D24D1C46700735E55 /* DatabaseManager.swift in Sources */ = {isa = PBXBuildFile; fileRef = 486A0F8C24D1C46700735E55 /* DatabaseManager.swift */; };
		48FC971324D13F7C00B3B7EE /* Assets.xcassets in Resources */ = {isa = PBXBuildFile; fileRef = 48FC971224D13F7C00B3B7EE /* Assets.xcassets */; };
		48FC971524D1427D00B3B7EE /* Extensions.swift in Sources */ = {isa = PBXBuildFile; fileRef = 48FC971424D1427D00B3B7EE /* Extensions.swift */; };
		5815E72DBF6BFFAE1B2DDF3F /* Pods_MyChat.framework in Frameworks */ = {isa = PBXBuildFile; fileRef = A93C7C7AD52397F17BF9DF90 /* Pods_MyChat.framework */; };
/* End PBXBuildFile section */

/* Begin PBXFileReference section */
		484B6A5C24CEAE7C009B0301 /* MyChat.app */ = {isa = PBXFileReference; explicitFileType = wrapper.application; includeInIndex = 0; path = MyChat.app; sourceTree = BUILT_PRODUCTS_DIR; };
		484B6A5F24CEAE7C009B0301 /* AppDelegate.swift */ = {isa = PBXFileReference; lastKnownFileType = sourcecode.swift; path = AppDelegate.swift; sourceTree = "<group>"; };
		484B6A6124CEAE7C009B0301 /* SceneDelegate.swift */ = {isa = PBXFileReference; lastKnownFileType = sourcecode.swift; path = SceneDelegate.swift; sourceTree = "<group>"; };
		484B6A6324CEAE7C009B0301 /* ConversationsViewController.swift */ = {isa = PBXFileReference; lastKnownFileType = sourcecode.swift; path = ConversationsViewController.swift; sourceTree = "<group>"; };
		484B6A6624CEAE7C009B0301 /* Base */ = {isa = PBXFileReference; lastKnownFileType = file.storyboard; name = Base; path = Base.lproj/Main.storyboard; sourceTree = "<group>"; };
		484B6A6B24CEAE7E009B0301 /* Base */ = {isa = PBXFileReference; lastKnownFileType = file.storyboard; name = Base; path = Base.lproj/LaunchScreen.storyboard; sourceTree = "<group>"; };
		484B6A6D24CEAE7E009B0301 /* Info.plist */ = {isa = PBXFileReference; lastKnownFileType = text.plist.xml; path = Info.plist; sourceTree = "<group>"; };
		484B6A7824CF046C009B0301 /* LoginViewController.swift */ = {isa = PBXFileReference; lastKnownFileType = sourcecode.swift; path = LoginViewController.swift; sourceTree = "<group>"; };
		484B6A7A24CF048B009B0301 /* RegisterViewController.swift */ = {isa = PBXFileReference; lastKnownFileType = sourcecode.swift; path = RegisterViewController.swift; sourceTree = "<group>"; };
		484B6A7C24CF04B0009B0301 /* PhotoViewerViewController.swift */ = {isa = PBXFileReference; lastKnownFileType = sourcecode.swift; path = PhotoViewerViewController.swift; sourceTree = "<group>"; };
		484B6A7E24CF04C5009B0301 /* VideoPlayerViewController.swift */ = {isa = PBXFileReference; lastKnownFileType = sourcecode.swift; path = VideoPlayerViewController.swift; sourceTree = "<group>"; };
		484B6A8024CF0532009B0301 /* NewConversationViewController.swift */ = {isa = PBXFileReference; lastKnownFileType = sourcecode.swift; path = NewConversationViewController.swift; sourceTree = "<group>"; };
		484B6A8224CF0553009B0301 /* ProfileViewController.swift */ = {isa = PBXFileReference; lastKnownFileType = sourcecode.swift; path = ProfileViewController.swift; sourceTree = "<group>"; };
		4862780024D1B04F00656ED9 /* GoogleService-Info.plist */ = {isa = PBXFileReference; fileEncoding = 4; lastKnownFileType = text.plist.xml; path = "GoogleService-Info.plist"; sourceTree = "<group>"; };
		486A0F8C24D1C46700735E55 /* DatabaseManager.swift */ = {isa = PBXFileReference; lastKnownFileType = sourcecode.swift; path = DatabaseManager.swift; sourceTree = "<group>"; };
		48FC971224D13F7C00B3B7EE /* Assets.xcassets */ = {isa = PBXFileReference; lastKnownFileType = folder.assetcatalog; path = Assets.xcassets; sourceTree = "<group>"; };
		48FC971424D1427D00B3B7EE /* Extensions.swift */ = {isa = PBXFileReference; lastKnownFileType = sourcecode.swift; path = Extensions.swift; sourceTree = "<group>"; };
		79E01EB513C3962A9531BD40 /* Pods-MyChat.release.xcconfig */ = {isa = PBXFileReference; includeInIndex = 1; lastKnownFileType = text.xcconfig; name = "Pods-MyChat.release.xcconfig"; path = "Target Support Files/Pods-MyChat/Pods-MyChat.release.xcconfig"; sourceTree = "<group>"; };
		98C9E8BE5FC25FBDE5E50733 /* Pods-MyChat.debug.xcconfig */ = {isa = PBXFileReference; includeInIndex = 1; lastKnownFileType = text.xcconfig; name = "Pods-MyChat.debug.xcconfig"; path = "Target Support Files/Pods-MyChat/Pods-MyChat.debug.xcconfig"; sourceTree = "<group>"; };
		A93C7C7AD52397F17BF9DF90 /* Pods_MyChat.framework */ = {isa = PBXFileReference; explicitFileType = wrapper.framework; includeInIndex = 0; path = Pods_MyChat.framework; sourceTree = BUILT_PRODUCTS_DIR; };
/* End PBXFileReference section */

/* Begin PBXFrameworksBuildPhase section */
		484B6A5924CEAE7C009B0301 /* Frameworks */ = {
			isa = PBXFrameworksBuildPhase;
			buildActionMask = 2147483647;
			files = (
				5815E72DBF6BFFAE1B2DDF3F /* Pods_MyChat.framework in Frameworks */,
			);
			runOnlyForDeploymentPostprocessing = 0;
		};
/* End PBXFrameworksBuildPhase section */

/* Begin PBXGroup section */
		3CD9DD4E895447E2FDD63D1F /* Pods */ = {
			isa = PBXGroup;
			children = (
				98C9E8BE5FC25FBDE5E50733 /* Pods-MyChat.debug.xcconfig */,
				79E01EB513C3962A9531BD40 /* Pods-MyChat.release.xcconfig */,
			);
			path = Pods;
			sourceTree = "<group>";
		};
		4739ED6EFEEF8E956E7236C3 /* Frameworks */ = {
			isa = PBXGroup;
			children = (
				A93C7C7AD52397F17BF9DF90 /* Pods_MyChat.framework */,
			);
			name = Frameworks;
			sourceTree = "<group>";
		};
		484B6A5324CEAE7C009B0301 = {
			isa = PBXGroup;
			children = (
				484B6A5E24CEAE7C009B0301 /* MyChat */,
				484B6A5D24CEAE7C009B0301 /* Products */,
				3CD9DD4E895447E2FDD63D1F /* Pods */,
				4739ED6EFEEF8E956E7236C3 /* Frameworks */,
			);
			sourceTree = "<group>";
		};
		484B6A5D24CEAE7C009B0301 /* Products */ = {
			isa = PBXGroup;
			children = (
				484B6A5C24CEAE7C009B0301 /* MyChat.app */,
			);
			name = Products;
			sourceTree = "<group>";
		};
		484B6A5E24CEAE7C009B0301 /* MyChat */ = {
			isa = PBXGroup;
			children = (
				484B6A7724CF02FB009B0301 /* Resources */,
				484B6A7624CF02ED009B0301 /* ViewModels */,
				484B6A7524CF02E5009B0301 /* Models */,
				484B6A7424CF02DD009B0301 /* Views */,
				484B6A7324CF02A1009B0301 /* Controllers */,
				484B6A6D24CEAE7E009B0301 /* Info.plist */,
				4862780024D1B04F00656ED9 /* GoogleService-Info.plist */,
			);
			path = MyChat;
			sourceTree = "<group>";
		};
		484B6A7324CF02A1009B0301 /* Controllers */ = {
			isa = PBXGroup;
			children = (
				484B6A6324CEAE7C009B0301 /* ConversationsViewController.swift */,
				484B6A7824CF046C009B0301 /* LoginViewController.swift */,
				484B6A7A24CF048B009B0301 /* RegisterViewController.swift */,
				484B6A7C24CF04B0009B0301 /* PhotoViewerViewController.swift */,
				484B6A7E24CF04C5009B0301 /* VideoPlayerViewController.swift */,
				484B6A8024CF0532009B0301 /* NewConversationViewController.swift */,
				484B6A8224CF0553009B0301 /* ProfileViewController.swift */,
			);
			path = Controllers;
			sourceTree = "<group>";
		};
		484B6A7424CF02DD009B0301 /* Views */ = {
			isa = PBXGroup;
			children = (
				484B6A6524CEAE7C009B0301 /* Main.storyboard */,
				484B6A6A24CEAE7E009B0301 /* LaunchScreen.storyboard */,
				48FC971224D13F7C00B3B7EE /* Assets.xcassets */,
			);
			path = Views;
			sourceTree = "<group>";
		};
		484B6A7524CF02E5009B0301 /* Models */ = {
			isa = PBXGroup;
			children = (
			);
			path = Models;
			sourceTree = "<group>";
		};
		484B6A7624CF02ED009B0301 /* ViewModels */ = {
			isa = PBXGroup;
			children = (
			);
			path = ViewModels;
			sourceTree = "<group>";
		};
		484B6A7724CF02FB009B0301 /* Resources */ = {
			isa = PBXGroup;
			children = (
				484B6A5F24CEAE7C009B0301 /* AppDelegate.swift */,
				484B6A6124CEAE7C009B0301 /* SceneDelegate.swift */,
				48FC971424D1427D00B3B7EE /* Extensions.swift */,
				486A0F8C24D1C46700735E55 /* DatabaseManager.swift */,
			);
			path = Resources;
			sourceTree = "<group>";
		};
/* End PBXGroup section */

/* Begin PBXNativeTarget section */
		484B6A5B24CEAE7C009B0301 /* MyChat */ = {
			isa = PBXNativeTarget;
			buildConfigurationList = 484B6A7024CEAE7E009B0301 /* Build configuration list for PBXNativeTarget "MyChat" */;
			buildPhases = (
				AECD1ECE50EAE20AD30935DF /* [CP] Check Pods Manifest.lock */,
				484B6A5824CEAE7C009B0301 /* Sources */,
				484B6A5924CEAE7C009B0301 /* Frameworks */,
				484B6A5A24CEAE7C009B0301 /* Resources */,
				7473B260FDA4B327E98BE0DC /* [CP] Embed Pods Frameworks */,
			);
			buildRules = (
			);
			dependencies = (
			);
			name = MyChat;
			productName = MyChat;
			productReference = 484B6A5C24CEAE7C009B0301 /* MyChat.app */;
			productType = "com.apple.product-type.application";
		};
/* End PBXNativeTarget section */

/* Begin PBXProject section */
		484B6A5424CEAE7C009B0301 /* Project object */ = {
			isa = PBXProject;
			attributes = {
				LastSwiftUpdateCheck = 1160;
				LastUpgradeCheck = 1160;
				ORGANIZATIONNAME = "Radioactive Apps";
				TargetAttributes = {
					484B6A5B24CEAE7C009B0301 = {
						CreatedOnToolsVersion = 11.6;
					};
				};
			};
			buildConfigurationList = 484B6A5724CEAE7C009B0301 /* Build configuration list for PBXProject "MyChat" */;
			compatibilityVersion = "Xcode 9.3";
			developmentRegion = en;
			hasScannedForEncodings = 0;
			knownRegions = (
				en,
				Base,
			);
			mainGroup = 484B6A5324CEAE7C009B0301;
			productRefGroup = 484B6A5D24CEAE7C009B0301 /* Products */;
			projectDirPath = "";
			projectRoot = "";
			targets = (
				484B6A5B24CEAE7C009B0301 /* MyChat */,
			);
		};
/* End PBXProject section */

/* Begin PBXResourcesBuildPhase section */
		484B6A5A24CEAE7C009B0301 /* Resources */ = {
			isa = PBXResourcesBuildPhase;
			buildActionMask = 2147483647;
			files = (
				484B6A6C24CEAE7E009B0301 /* LaunchScreen.storyboard in Resources */,
				4862780124D1B04F00656ED9 /* GoogleService-Info.plist in Resources */,
				48FC971324D13F7C00B3B7EE /* Assets.xcassets in Resources */,
				484B6A6724CEAE7C009B0301 /* Main.storyboard in Resources */,
			);
			runOnlyForDeploymentPostprocessing = 0;
		};
/* End PBXResourcesBuildPhase section */

/* Begin PBXShellScriptBuildPhase section */
		7473B260FDA4B327E98BE0DC /* [CP] Embed Pods Frameworks */ = {
			isa = PBXShellScriptBuildPhase;
			buildActionMask = 2147483647;
			files = (
			);
			inputFileListPaths = (
				"${PODS_ROOT}/Target Support Files/Pods-MyChat/Pods-MyChat-frameworks-${CONFIGURATION}-input-files.xcfilelist",
			);
			name = "[CP] Embed Pods Frameworks";
			outputFileListPaths = (
				"${PODS_ROOT}/Target Support Files/Pods-MyChat/Pods-MyChat-frameworks-${CONFIGURATION}-output-files.xcfilelist",
			);
			runOnlyForDeploymentPostprocessing = 0;
			shellPath = /bin/sh;
			shellScript = "\"${PODS_ROOT}/Target Support Files/Pods-MyChat/Pods-MyChat-frameworks.sh\"\n";
			showEnvVarsInLog = 0;
		};
		AECD1ECE50EAE20AD30935DF /* [CP] Check Pods Manifest.lock */ = {
			isa = PBXShellScriptBuildPhase;
			buildActionMask = 2147483647;
			files = (
			);
			inputFileListPaths = (
			);
			inputPaths = (
				"${PODS_PODFILE_DIR_PATH}/Podfile.lock",
				"${PODS_ROOT}/Manifest.lock",
			);
			name = "[CP] Check Pods Manifest.lock";
			outputFileListPaths = (
			);
			outputPaths = (
				"$(DERIVED_FILE_DIR)/Pods-MyChat-checkManifestLockResult.txt",
			);
			runOnlyForDeploymentPostprocessing = 0;
			shellPath = /bin/sh;
			shellScript = "diff \"${PODS_PODFILE_DIR_PATH}/Podfile.lock\" \"${PODS_ROOT}/Manifest.lock\" > /dev/null\nif [ $? != 0 ] ; then\n    # print error to STDERR\n    echo \"error: The sandbox is not in sync with the Podfile.lock. Run 'pod install' or update your CocoaPods installation.\" >&2\n    exit 1\nfi\n# This output is used by Xcode 'outputs' to avoid re-running this script phase.\necho \"SUCCESS\" > \"${SCRIPT_OUTPUT_FILE_0}\"\n";
			showEnvVarsInLog = 0;
		};
/* End PBXShellScriptBuildPhase section */

/* Begin PBXSourcesBuildPhase section */
		484B6A5824CEAE7C009B0301 /* Sources */ = {
			isa = PBXSourcesBuildPhase;
			buildActionMask = 2147483647;
			files = (
				484B6A7924CF046C009B0301 /* LoginViewController.swift in Sources */,
				486A0F8D24D1C46700735E55 /* DatabaseManager.swift in Sources */,
				484B6A7B24CF048B009B0301 /* RegisterViewController.swift in Sources */,
				484B6A8124CF0532009B0301 /* NewConversationViewController.swift in Sources */,
				484B6A6424CEAE7C009B0301 /* ConversationsViewController.swift in Sources */,
				484B6A7F24CF04C6009B0301 /* VideoPlayerViewController.swift in Sources */,
				48FC971524D1427D00B3B7EE /* Extensions.swift in Sources */,
				484B6A6024CEAE7C009B0301 /* AppDelegate.swift in Sources */,
				484B6A8324CF0553009B0301 /* ProfileViewController.swift in Sources */,
				484B6A6224CEAE7C009B0301 /* SceneDelegate.swift in Sources */,
				484B6A7D24CF04B0009B0301 /* PhotoViewerViewController.swift in Sources */,
			);
			runOnlyForDeploymentPostprocessing = 0;
		};
/* End PBXSourcesBuildPhase section */

/* Begin PBXVariantGroup section */
		484B6A6524CEAE7C009B0301 /* Main.storyboard */ = {
			isa = PBXVariantGroup;
			children = (
				484B6A6624CEAE7C009B0301 /* Base */,
			);
			name = Main.storyboard;
			sourceTree = "<group>";
		};
		484B6A6A24CEAE7E009B0301 /* LaunchScreen.storyboard */ = {
			isa = PBXVariantGroup;
			children = (
				484B6A6B24CEAE7E009B0301 /* Base */,
			);
			name = LaunchScreen.storyboard;
			sourceTree = "<group>";
		};
/* End PBXVariantGroup section */

/* Begin XCBuildConfiguration section */
		484B6A6E24CEAE7E009B0301 /* Debug */ = {
			isa = XCBuildConfiguration;
			buildSettings = {
				ALWAYS_SEARCH_USER_PATHS = NO;
				CLANG_ANALYZER_NONNULL = YES;
				CLANG_ANALYZER_NUMBER_OBJECT_CONVERSION = YES_AGGRESSIVE;
				CLANG_CXX_LANGUAGE_STANDARD = "gnu++14";
				CLANG_CXX_LIBRARY = "libc++";
				CLANG_ENABLE_MODULES = YES;
				CLANG_ENABLE_OBJC_ARC = YES;
				CLANG_ENABLE_OBJC_WEAK = YES;
				CLANG_WARN_BLOCK_CAPTURE_AUTORELEASING = YES;
				CLANG_WARN_BOOL_CONVERSION = YES;
				CLANG_WARN_COMMA = YES;
				CLANG_WARN_CONSTANT_CONVERSION = YES;
				CLANG_WARN_DEPRECATED_OBJC_IMPLEMENTATIONS = YES;
				CLANG_WARN_DIRECT_OBJC_ISA_USAGE = YES_ERROR;
				CLANG_WARN_DOCUMENTATION_COMMENTS = YES;
				CLANG_WARN_EMPTY_BODY = YES;
				CLANG_WARN_ENUM_CONVERSION = YES;
				CLANG_WARN_INFINITE_RECURSION = YES;
				CLANG_WARN_INT_CONVERSION = YES;
				CLANG_WARN_NON_LITERAL_NULL_CONVERSION = YES;
				CLANG_WARN_OBJC_IMPLICIT_RETAIN_SELF = YES;
				CLANG_WARN_OBJC_LITERAL_CONVERSION = YES;
				CLANG_WARN_OBJC_ROOT_CLASS = YES_ERROR;
				CLANG_WARN_RANGE_LOOP_ANALYSIS = YES;
				CLANG_WARN_STRICT_PROTOTYPES = YES;
				CLANG_WARN_SUSPICIOUS_MOVE = YES;
				CLANG_WARN_UNGUARDED_AVAILABILITY = YES_AGGRESSIVE;
				CLANG_WARN_UNREACHABLE_CODE = YES;
				CLANG_WARN__DUPLICATE_METHOD_MATCH = YES;
				COPY_PHASE_STRIP = NO;
				DEBUG_INFORMATION_FORMAT = dwarf;
				ENABLE_STRICT_OBJC_MSGSEND = YES;
				ENABLE_TESTABILITY = YES;
				GCC_C_LANGUAGE_STANDARD = gnu11;
				GCC_DYNAMIC_NO_PIC = NO;
				GCC_NO_COMMON_BLOCKS = YES;
				GCC_OPTIMIZATION_LEVEL = 0;
				GCC_PREPROCESSOR_DEFINITIONS = (
					"DEBUG=1",
					"$(inherited)",
				);
				GCC_WARN_64_TO_32_BIT_CONVERSION = YES;
				GCC_WARN_ABOUT_RETURN_TYPE = YES_ERROR;
				GCC_WARN_UNDECLARED_SELECTOR = YES;
				GCC_WARN_UNINITIALIZED_AUTOS = YES_AGGRESSIVE;
				GCC_WARN_UNUSED_FUNCTION = YES;
				GCC_WARN_UNUSED_VARIABLE = YES;
				IPHONEOS_DEPLOYMENT_TARGET = 13.6;
				MTL_ENABLE_DEBUG_INFO = INCLUDE_SOURCE;
				MTL_FAST_MATH = YES;
				ONLY_ACTIVE_ARCH = YES;
				SDKROOT = iphoneos;
				SWIFT_ACTIVE_COMPILATION_CONDITIONS = DEBUG;
				SWIFT_OPTIMIZATION_LEVEL = "-Onone";
			};
			name = Debug;
		};
		484B6A6F24CEAE7E009B0301 /* Release */ = {
			isa = XCBuildConfiguration;
			buildSettings = {
				ALWAYS_SEARCH_USER_PATHS = NO;
				CLANG_ANALYZER_NONNULL = YES;
				CLANG_ANALYZER_NUMBER_OBJECT_CONVERSION = YES_AGGRESSIVE;
				CLANG_CXX_LANGUAGE_STANDARD = "gnu++14";
				CLANG_CXX_LIBRARY = "libc++";
				CLANG_ENABLE_MODULES = YES;
				CLANG_ENABLE_OBJC_ARC = YES;
				CLANG_ENABLE_OBJC_WEAK = YES;
				CLANG_WARN_BLOCK_CAPTURE_AUTORELEASING = YES;
				CLANG_WARN_BOOL_CONVERSION = YES;
				CLANG_WARN_COMMA = YES;
				CLANG_WARN_CONSTANT_CONVERSION = YES;
				CLANG_WARN_DEPRECATED_OBJC_IMPLEMENTATIONS = YES;
				CLANG_WARN_DIRECT_OBJC_ISA_USAGE = YES_ERROR;
				CLANG_WARN_DOCUMENTATION_COMMENTS = YES;
				CLANG_WARN_EMPTY_BODY = YES;
				CLANG_WARN_ENUM_CONVERSION = YES;
				CLANG_WARN_INFINITE_RECURSION = YES;
				CLANG_WARN_INT_CONVERSION = YES;
				CLANG_WARN_NON_LITERAL_NULL_CONVERSION = YES;
				CLANG_WARN_OBJC_IMPLICIT_RETAIN_SELF = YES;
				CLANG_WARN_OBJC_LITERAL_CONVERSION = YES;
				CLANG_WARN_OBJC_ROOT_CLASS = YES_ERROR;
				CLANG_WARN_RANGE_LOOP_ANALYSIS = YES;
				CLANG_WARN_STRICT_PROTOTYPES = YES;
				CLANG_WARN_SUSPICIOUS_MOVE = YES;
				CLANG_WARN_UNGUARDED_AVAILABILITY = YES_AGGRESSIVE;
				CLANG_WARN_UNREACHABLE_CODE = YES;
				CLANG_WARN__DUPLICATE_METHOD_MATCH = YES;
				COPY_PHASE_STRIP = NO;
				DEBUG_INFORMATION_FORMAT = "dwarf-with-dsym";
				ENABLE_NS_ASSERTIONS = NO;
				ENABLE_STRICT_OBJC_MSGSEND = YES;
				GCC_C_LANGUAGE_STANDARD = gnu11;
				GCC_NO_COMMON_BLOCKS = YES;
				GCC_WARN_64_TO_32_BIT_CONVERSION = YES;
				GCC_WARN_ABOUT_RETURN_TYPE = YES_ERROR;
				GCC_WARN_UNDECLARED_SELECTOR = YES;
				GCC_WARN_UNINITIALIZED_AUTOS = YES_AGGRESSIVE;
				GCC_WARN_UNUSED_FUNCTION = YES;
				GCC_WARN_UNUSED_VARIABLE = YES;
				IPHONEOS_DEPLOYMENT_TARGET = 13.6;
				MTL_ENABLE_DEBUG_INFO = NO;
				MTL_FAST_MATH = YES;
				SDKROOT = iphoneos;
				SWIFT_COMPILATION_MODE = wholemodule;
				SWIFT_OPTIMIZATION_LEVEL = "-O";
				VALIDATE_PRODUCT = YES;
			};
			name = Release;
		};
		484B6A7124CEAE7E009B0301 /* Debug */ = {
			isa = XCBuildConfiguration;
			baseConfigurationReference = 98C9E8BE5FC25FBDE5E50733 /* Pods-MyChat.debug.xcconfig */;
			buildSettings = {
				ASSETCATALOG_COMPILER_APPICON_NAME = AppIcon;
				CODE_SIGN_STYLE = Automatic;
				DEVELOPMENT_TEAM = GJ9Z6V89G3;
				INFOPLIST_FILE = MyChat/Info.plist;
				IPHONEOS_DEPLOYMENT_TARGET = 13.6;
				LD_RUNPATH_SEARCH_PATHS = (
					"$(inherited)",
					"@executable_path/Frameworks",
				);
				PRODUCT_BUNDLE_IDENTIFIER = co.fang.MyChat;
				PRODUCT_NAME = "$(TARGET_NAME)";
				SWIFT_VERSION = 5.0;
				TARGETED_DEVICE_FAMILY = "1,2";
			};
			name = Debug;
		};
		484B6A7224CEAE7E009B0301 /* Release */ = {
			isa = XCBuildConfiguration;
			baseConfigurationReference = 79E01EB513C3962A9531BD40 /* Pods-MyChat.release.xcconfig */;
			buildSettings = {
				ASSETCATALOG_COMPILER_APPICON_NAME = AppIcon;
				CODE_SIGN_STYLE = Automatic;
				DEVELOPMENT_TEAM = GJ9Z6V89G3;
				INFOPLIST_FILE = MyChat/Info.plist;
				IPHONEOS_DEPLOYMENT_TARGET = 13.6;
				LD_RUNPATH_SEARCH_PATHS = (
					"$(inherited)",
					"@executable_path/Frameworks",
				);
				PRODUCT_BUNDLE_IDENTIFIER = co.fang.MyChat;
				PRODUCT_NAME = "$(TARGET_NAME)";
				SWIFT_VERSION = 5.0;
				TARGETED_DEVICE_FAMILY = "1,2";
			};
			name = Release;
		};
/* End XCBuildConfiguration section */

/* Begin XCConfigurationList section */
		484B6A5724CEAE7C009B0301 /* Build configuration list for PBXProject "MyChat" */ = {
			isa = XCConfigurationList;
			buildConfigurations = (
				484B6A6E24CEAE7E009B0301 /* Debug */,
				484B6A6F24CEAE7E009B0301 /* Release */,
			);
			defaultConfigurationIsVisible = 0;
			defaultConfigurationName = Release;
		};
		484B6A7024CEAE7E009B0301 /* Build configuration list for PBXNativeTarget "MyChat" */ = {
			isa = XCConfigurationList;
			buildConfigurations = (
				484B6A7124CEAE7E009B0301 /* Debug */,
				484B6A7224CEAE7E009B0301 /* Release */,
			);
			defaultConfigurationIsVisible = 0;
			defaultConfigurationName = Release;
		};
/* End XCConfigurationList section */
	};
	rootObject = 484B6A5424CEAE7C009B0301 /* Project object */;
}
